# This file is @generated by PDM.
# It is not intended for manual editing.

[metadata]
groups = ["default"]
strategy = ["cross_platform", "inherit_metadata"]
lock_version = "4.4.1"
content_hash = "sha256:8d2d4fba2970b134abb96e13c4af7bf3e0a8a90c9395f45413c4f8af465612e0"

[[package]]
name = "aiohttp"
version = "3.9.4"
requires_python = ">=3.8"
summary = "Async http client/server framework (asyncio)"
groups = ["default"]
dependencies = [
    "aiosignal>=1.1.2",
    "async-timeout<5.0,>=4.0; python_version < \"3.11\"",
    "attrs>=17.3.0",
    "frozenlist>=1.1.1",
    "multidict<7.0,>=4.5",
    "yarl<2.0,>=1.0",
]
files = [
    {file = "aiohttp-3.9.4-cp310-cp310-macosx_10_9_universal2.whl", hash = "sha256:76d32588ef7e4a3f3adff1956a0ba96faabbdee58f2407c122dd45aa6e34f372"},
    {file = "aiohttp-3.9.4-cp310-cp310-macosx_10_9_x86_64.whl", hash = "sha256:56181093c10dbc6ceb8a29dfeea1e815e1dfdc020169203d87fd8d37616f73f9"},
    {file = "aiohttp-3.9.4-cp310-cp310-macosx_11_0_arm64.whl", hash = "sha256:c7a5b676d3c65e88b3aca41816bf72831898fcd73f0cbb2680e9d88e819d1e4d"},
    {file = "aiohttp-3.9.4-cp310-cp310-manylinux_2_17_aarch64.manylinux2014_aarch64.whl", hash = "sha256:d1df528a85fb404899d4207a8d9934cfd6be626e30e5d3a5544a83dbae6d8a7e"},
    {file = "aiohttp-3.9.4-cp310-cp310-manylinux_2_17_ppc64le.manylinux2014_ppc64le.whl", hash = "sha256:f595db1bceabd71c82e92df212dd9525a8a2c6947d39e3c994c4f27d2fe15b11"},
    {file = "aiohttp-3.9.4-cp310-cp310-manylinux_2_17_s390x.manylinux2014_s390x.whl", hash = "sha256:9c0b09d76e5a4caac3d27752027fbd43dc987b95f3748fad2b924a03fe8632ad"},
    {file = "aiohttp-3.9.4-cp310-cp310-manylinux_2_17_x86_64.manylinux2014_x86_64.whl", hash = "sha256:689eb4356649ec9535b3686200b231876fb4cab4aca54e3bece71d37f50c1d13"},
    {file = "aiohttp-3.9.4-cp310-cp310-manylinux_2_5_i686.manylinux1_i686.manylinux_2_17_i686.manylinux2014_i686.whl", hash = "sha256:a3666cf4182efdb44d73602379a66f5fdfd5da0db5e4520f0ac0dcca644a3497"},
    {file = "aiohttp-3.9.4-cp310-cp310-musllinux_1_1_aarch64.whl", hash = "sha256:b65b0f8747b013570eea2f75726046fa54fa8e0c5db60f3b98dd5d161052004a"},
    {file = "aiohttp-3.9.4-cp310-cp310-musllinux_1_1_i686.whl", hash = "sha256:a1885d2470955f70dfdd33a02e1749613c5a9c5ab855f6db38e0b9389453dce7"},
    {file = "aiohttp-3.9.4-cp310-cp310-musllinux_1_1_ppc64le.whl", hash = "sha256:0593822dcdb9483d41f12041ff7c90d4d1033ec0e880bcfaf102919b715f47f1"},
    {file = "aiohttp-3.9.4-cp310-cp310-musllinux_1_1_s390x.whl", hash = "sha256:47f6eb74e1ecb5e19a78f4a4228aa24df7fbab3b62d4a625d3f41194a08bd54f"},
    {file = "aiohttp-3.9.4-cp310-cp310-musllinux_1_1_x86_64.whl", hash = "sha256:c8b04a3dbd54de6ccb7604242fe3ad67f2f3ca558f2d33fe19d4b08d90701a89"},
    {file = "aiohttp-3.9.4-cp310-cp310-win32.whl", hash = "sha256:8a78dfb198a328bfb38e4308ca8167028920fb747ddcf086ce706fbdd23b2926"},
    {file = "aiohttp-3.9.4-cp310-cp310-win_amd64.whl", hash = "sha256:e78da6b55275987cbc89141a1d8e75f5070e577c482dd48bd9123a76a96f0bbb"},
    {file = "aiohttp-3.9.4.tar.gz", hash = "sha256:6ff71ede6d9a5a58cfb7b6fffc83ab5d4a63138276c771ac91ceaaddf5459644"},
]

[[package]]
name = "aiosignal"
version = "1.3.1"
requires_python = ">=3.7"
summary = "aiosignal: a list of registered asynchronous callbacks"
groups = ["default"]
dependencies = [
    "frozenlist>=1.1.0",
]
files = [
    {file = "aiosignal-1.3.1-py3-none-any.whl", hash = "sha256:f8376fb07dd1e86a584e4fcdec80b36b7f81aac666ebc724e2c090300dd83b17"},
    {file = "aiosignal-1.3.1.tar.gz", hash = "sha256:54cd96e15e1649b75d6c87526a6ff0b6c1b0dd3459f43d9ca11d48c339b68cfc"},
]

[[package]]
name = "appdirs"
version = "1.4.4"
summary = "A small Python module for determining appropriate platform-specific dirs, e.g. a \"user data dir\"."
groups = ["default"]
files = [
    {file = "appdirs-1.4.4-py2.py3-none-any.whl", hash = "sha256:a841dacd6b99318a741b166adb07e19ee71a274450e68237b4650ca1055ab128"},
    {file = "appdirs-1.4.4.tar.gz", hash = "sha256:7d5d0167b2b1ba821647616af46a749d1c653740dd0d2415100fe26e27afdf41"},
]

[[package]]
name = "async-timeout"
version = "4.0.3"
requires_python = ">=3.7"
summary = "Timeout context manager for asyncio programs"
groups = ["default"]
marker = "python_version < \"3.11\""
files = [
    {file = "async-timeout-4.0.3.tar.gz", hash = "sha256:4640d96be84d82d02ed59ea2b7105a0f7b33abe8703703cd0ab0bf87c427522f"},
    {file = "async_timeout-4.0.3-py3-none-any.whl", hash = "sha256:7405140ff1230c310e51dc27b3145b9092d659ce68ff733fb0cefe3ee42be028"},
]

[[package]]
name = "attrs"
version = "23.2.0"
requires_python = ">=3.7"
summary = "Classes Without Boilerplate"
groups = ["default"]
files = [
    {file = "attrs-23.2.0-py3-none-any.whl", hash = "sha256:99b87a485a5820b23b879f04c2305b44b951b502fd64be915879d77a7e8fc6f1"},
    {file = "attrs-23.2.0.tar.gz", hash = "sha256:935dc3b529c262f6cf76e50877d35a4bd3c1de194fd41f47a2b7ae8f19971f30"},
]

[[package]]
name = "beautifulsoup4"
version = "4.12.3"
requires_python = ">=3.6.0"
summary = "Screen-scraping library"
groups = ["default"]
dependencies = [
    "soupsieve>1.2",
]
files = [
    {file = "beautifulsoup4-4.12.3-py3-none-any.whl", hash = "sha256:b80878c9f40111313e55da8ba20bdba06d8fa3969fc68304167741bbf9e082ed"},
    {file = "beautifulsoup4-4.12.3.tar.gz", hash = "sha256:74e3d1928edc070d21748185c46e3fb33490f22f52a3addee9aee0f4f7781051"},
]

[[package]]
name = "bs4"
version = "0.0.2"
summary = "Dummy package for Beautiful Soup (beautifulsoup4)"
groups = ["default"]
dependencies = [
    "beautifulsoup4",
]
files = [
    {file = "bs4-0.0.2-py2.py3-none-any.whl", hash = "sha256:abf8742c0805ef7f662dce4b51cca104cffe52b835238afc169142ab9b3fbccc"},
    {file = "bs4-0.0.2.tar.gz", hash = "sha256:a48685c58f50fe127722417bae83fe6badf500d54b55f7e39ffe43b798653925"},
]

[[package]]
name = "certifi"
version = "2024.2.2"
requires_python = ">=3.6"
summary = "Python package for providing Mozilla's CA Bundle."
groups = ["default"]
files = [
    {file = "certifi-2024.2.2-py3-none-any.whl", hash = "sha256:dc383c07b76109f368f6106eee2b593b04a011ea4d55f652c6ca24a754d1cdd1"},
    {file = "certifi-2024.2.2.tar.gz", hash = "sha256:0569859f95fc761b18b45ef421b1290a0f65f147e92a1e5eb3e635f9a5e4e66f"},
]

[[package]]
name = "charset-normalizer"
version = "3.3.2"
requires_python = ">=3.7.0"
summary = "The Real First Universal Charset Detector. Open, modern and actively maintained alternative to Chardet."
groups = ["default"]
files = [
    {file = "charset-normalizer-3.3.2.tar.gz", hash = "sha256:f30c3cb33b24454a82faecaf01b19c18562b1e89558fb6c56de4d9118a032fd5"},
    {file = "charset_normalizer-3.3.2-cp310-cp310-macosx_10_9_universal2.whl", hash = "sha256:25baf083bf6f6b341f4121c2f3c548875ee6f5339300e08be3f2b2ba1721cdd3"},
    {file = "charset_normalizer-3.3.2-cp310-cp310-macosx_10_9_x86_64.whl", hash = "sha256:06435b539f889b1f6f4ac1758871aae42dc3a8c0e24ac9e60c2384973ad73027"},
    {file = "charset_normalizer-3.3.2-cp310-cp310-macosx_11_0_arm64.whl", hash = "sha256:9063e24fdb1e498ab71cb7419e24622516c4a04476b17a2dab57e8baa30d6e03"},
    {file = "charset_normalizer-3.3.2-cp310-cp310-manylinux_2_17_aarch64.manylinux2014_aarch64.whl", hash = "sha256:6897af51655e3691ff853668779c7bad41579facacf5fd7253b0133308cf000d"},
    {file = "charset_normalizer-3.3.2-cp310-cp310-manylinux_2_17_ppc64le.manylinux2014_ppc64le.whl", hash = "sha256:1d3193f4a680c64b4b6a9115943538edb896edc190f0b222e73761716519268e"},
    {file = "charset_normalizer-3.3.2-cp310-cp310-manylinux_2_17_s390x.manylinux2014_s390x.whl", hash = "sha256:cd70574b12bb8a4d2aaa0094515df2463cb429d8536cfb6c7ce983246983e5a6"},
    {file = "charset_normalizer-3.3.2-cp310-cp310-manylinux_2_17_x86_64.manylinux2014_x86_64.whl", hash = "sha256:8465322196c8b4d7ab6d1e049e4c5cb460d0394da4a27d23cc242fbf0034b6b5"},
    {file = "charset_normalizer-3.3.2-cp310-cp310-manylinux_2_5_i686.manylinux1_i686.manylinux_2_17_i686.manylinux2014_i686.whl", hash = "sha256:a9a8e9031d613fd2009c182b69c7b2c1ef8239a0efb1df3f7c8da66d5dd3d537"},
    {file = "charset_normalizer-3.3.2-cp310-cp310-musllinux_1_1_aarch64.whl", hash = "sha256:beb58fe5cdb101e3a055192ac291b7a21e3b7ef4f67fa1d74e331a7f2124341c"},
    {file = "charset_normalizer-3.3.2-cp310-cp310-musllinux_1_1_i686.whl", hash = "sha256:e06ed3eb3218bc64786f7db41917d4e686cc4856944f53d5bdf83a6884432e12"},
    {file = "charset_normalizer-3.3.2-cp310-cp310-musllinux_1_1_ppc64le.whl", hash = "sha256:2e81c7b9c8979ce92ed306c249d46894776a909505d8f5a4ba55b14206e3222f"},
    {file = "charset_normalizer-3.3.2-cp310-cp310-musllinux_1_1_s390x.whl", hash = "sha256:572c3763a264ba47b3cf708a44ce965d98555f618ca42c926a9c1616d8f34269"},
    {file = "charset_normalizer-3.3.2-cp310-cp310-musllinux_1_1_x86_64.whl", hash = "sha256:fd1abc0d89e30cc4e02e4064dc67fcc51bd941eb395c502aac3ec19fab46b519"},
    {file = "charset_normalizer-3.3.2-cp310-cp310-win32.whl", hash = "sha256:3d47fa203a7bd9c5b6cee4736ee84ca03b8ef23193c0d1ca99b5089f72645c73"},
    {file = "charset_normalizer-3.3.2-cp310-cp310-win_amd64.whl", hash = "sha256:10955842570876604d404661fbccbc9c7e684caf432c09c715ec38fbae45ae09"},
    {file = "charset_normalizer-3.3.2-py3-none-any.whl", hash = "sha256:3e4d1f6587322d2788836a99c69062fbb091331ec940e02d12d179c1d53e25fc"},
]

[[package]]
name = "colorama"
version = "0.4.6"
requires_python = "!=3.0.*,!=3.1.*,!=3.2.*,!=3.3.*,!=3.4.*,!=3.5.*,!=3.6.*,>=2.7"
summary = "Cross-platform colored terminal text."
groups = ["default"]
marker = "platform_system == \"Windows\""
files = [
    {file = "colorama-0.4.6-py2.py3-none-any.whl", hash = "sha256:4f1d9991f5acc0ca119f9d443620b77f9d6b33703e51011c16baf57afb285fc6"},
    {file = "colorama-0.4.6.tar.gz", hash = "sha256:08695f5cb7ed6e0531a20572697297273c47b8cae5a63ffc6d6ed5c201be6e44"},
]

[[package]]
name = "cssselect"
version = "1.2.0"
requires_python = ">=3.7"
summary = "cssselect parses CSS3 Selectors and translates them to XPath 1.0"
groups = ["default"]
files = [
    {file = "cssselect-1.2.0-py2.py3-none-any.whl", hash = "sha256:da1885f0c10b60c03ed5eccbb6b68d6eff248d91976fcde348f395d54c9fd35e"},
    {file = "cssselect-1.2.0.tar.gz", hash = "sha256:666b19839cfaddb9ce9d36bfe4c969132c647b92fc9088c4e23f786b30f1b3dc"},
]

[[package]]
name = "fake-useragent"
version = "1.5.1"
summary = "Up-to-date simple useragent faker with real world database"
groups = ["default"]
files = [
    {file = "fake-useragent-1.5.1.tar.gz", hash = "sha256:6387269f5a2196b5ba7ed8935852f75486845a1c95c50e72460e6a8e762f5c49"},
    {file = "fake_useragent-1.5.1-py3-none-any.whl", hash = "sha256:57415096557c8a4e23b62a375c21c55af5fd4ba30549227f562d2c4f5b60e3b3"},
]

[[package]]
name = "frozenlist"
version = "1.4.1"
requires_python = ">=3.8"
summary = "A list-like structure which implements collections.abc.MutableSequence"
groups = ["default"]
files = [
    {file = "frozenlist-1.4.1-cp310-cp310-macosx_10_9_universal2.whl", hash = "sha256:f9aa1878d1083b276b0196f2dfbe00c9b7e752475ed3b682025ff20c1c1f51ac"},
    {file = "frozenlist-1.4.1-cp310-cp310-macosx_10_9_x86_64.whl", hash = "sha256:29acab3f66f0f24674b7dc4736477bcd4bc3ad4b896f5f45379a67bce8b96868"},
    {file = "frozenlist-1.4.1-cp310-cp310-macosx_11_0_arm64.whl", hash = "sha256:74fb4bee6880b529a0c6560885fce4dc95936920f9f20f53d99a213f7bf66776"},
    {file = "frozenlist-1.4.1-cp310-cp310-manylinux_2_17_aarch64.manylinux2014_aarch64.whl", hash = "sha256:590344787a90ae57d62511dd7c736ed56b428f04cd8c161fcc5e7232c130c69a"},
    {file = "frozenlist-1.4.1-cp310-cp310-manylinux_2_17_ppc64le.manylinux2014_ppc64le.whl", hash = "sha256:068b63f23b17df8569b7fdca5517edef76171cf3897eb68beb01341131fbd2ad"},
    {file = "frozenlist-1.4.1-cp310-cp310-manylinux_2_17_s390x.manylinux2014_s390x.whl", hash = "sha256:5c849d495bf5154cd8da18a9eb15db127d4dba2968d88831aff6f0331ea9bd4c"},
    {file = "frozenlist-1.4.1-cp310-cp310-manylinux_2_5_i686.manylinux1_i686.manylinux_2_17_i686.manylinux2014_i686.whl", hash = "sha256:9750cc7fe1ae3b1611bb8cfc3f9ec11d532244235d75901fb6b8e42ce9229dfe"},
    {file = "frozenlist-1.4.1-cp310-cp310-manylinux_2_5_x86_64.manylinux1_x86_64.manylinux_2_17_x86_64.manylinux2014_x86_64.whl", hash = "sha256:a9b2de4cf0cdd5bd2dee4c4f63a653c61d2408055ab77b151c1957f221cabf2a"},
    {file = "frozenlist-1.4.1-cp310-cp310-musllinux_1_1_aarch64.whl", hash = "sha256:0633c8d5337cb5c77acbccc6357ac49a1770b8c487e5b3505c57b949b4b82e98"},
    {file = "frozenlist-1.4.1-cp310-cp310-musllinux_1_1_i686.whl", hash = "sha256:27657df69e8801be6c3638054e202a135c7f299267f1a55ed3a598934f6c0d75"},
    {file = "frozenlist-1.4.1-cp310-cp310-musllinux_1_1_ppc64le.whl", hash = "sha256:f9a3ea26252bd92f570600098783d1371354d89d5f6b7dfd87359d669f2109b5"},
    {file = "frozenlist-1.4.1-cp310-cp310-musllinux_1_1_s390x.whl", hash = "sha256:4f57dab5fe3407b6c0c1cc907ac98e8a189f9e418f3b6e54d65a718aaafe3950"},
    {file = "frozenlist-1.4.1-cp310-cp310-musllinux_1_1_x86_64.whl", hash = "sha256:e02a0e11cf6597299b9f3bbd3f93d79217cb90cfd1411aec33848b13f5c656cc"},
    {file = "frozenlist-1.4.1-cp310-cp310-win32.whl", hash = "sha256:a828c57f00f729620a442881cc60e57cfcec6842ba38e1b19fd3e47ac0ff8dc1"},
    {file = "frozenlist-1.4.1-cp310-cp310-win_amd64.whl", hash = "sha256:f56e2333dda1fe0f909e7cc59f021eba0d2307bc6f012a1ccf2beca6ba362439"},
    {file = "frozenlist-1.4.1-py3-none-any.whl", hash = "sha256:04ced3e6a46b4cfffe20f9ae482818e34eba9b5fb0ce4056e4cc9b6e212d09b7"},
    {file = "frozenlist-1.4.1.tar.gz", hash = "sha256:c037a86e8513059a2613aaba4d817bb90b9d9b6b69aace3ce9c877e8c8ed402b"},
]

[[package]]
name = "idna"
version = "3.7"
requires_python = ">=3.5"
summary = "Internationalized Domain Names in Applications (IDNA)"
groups = ["default"]
files = [
    {file = "idna-3.7-py3-none-any.whl", hash = "sha256:82fee1fc78add43492d3a1898bfa6d8a904cc97d8427f683ed8e798d07761aa0"},
    {file = "idna-3.7.tar.gz", hash = "sha256:028ff3aadf0609c1fd278d8ea3089299412a7a8b9bd005dd08b9f8285bcb5cfc"},
]

[[package]]
name = "importlib-metadata"
version = "7.1.0"
requires_python = ">=3.8"
summary = "Read metadata from Python packages"
groups = ["default"]
dependencies = [
    "zipp>=0.5",
]
files = [
    {file = "importlib_metadata-7.1.0-py3-none-any.whl", hash = "sha256:30962b96c0c223483ed6cc7280e7f0199feb01a0e40cfae4d4450fc6fab1f570"},
    {file = "importlib_metadata-7.1.0.tar.gz", hash = "sha256:b78938b926ee8d5f020fc4772d487045805a55ddbad2ecf21c6d60938dc7fcd2"},
]

[[package]]
name = "lxml"
version = "5.2.1"
requires_python = ">=3.6"
summary = "Powerful and Pythonic XML processing library combining libxml2/libxslt with the ElementTree API."
groups = ["default"]
files = [
    {file = "lxml-5.2.1-cp310-cp310-macosx_10_9_universal2.whl", hash = "sha256:1f7785f4f789fdb522729ae465adcaa099e2a3441519df750ebdccc481d961a1"},
    {file = "lxml-5.2.1-cp310-cp310-macosx_10_9_x86_64.whl", hash = "sha256:6cc6ee342fb7fa2471bd9b6d6fdfc78925a697bf5c2bcd0a302e98b0d35bfad3"},
    {file = "lxml-5.2.1-cp310-cp310-manylinux_2_12_i686.manylinux2010_i686.manylinux_2_17_i686.manylinux2014_i686.whl", hash = "sha256:794f04eec78f1d0e35d9e0c36cbbb22e42d370dda1609fb03bcd7aeb458c6377"},
    {file = "lxml-5.2.1-cp310-cp310-manylinux_2_17_aarch64.manylinux2014_aarch64.whl", hash = "sha256:c817d420c60a5183953c783b0547d9eb43b7b344a2c46f69513d5952a78cddf3"},
    {file = "lxml-5.2.1-cp310-cp310-manylinux_2_17_ppc64le.manylinux2014_ppc64le.whl", hash = "sha256:2213afee476546a7f37c7a9b4ad4d74b1e112a6fafffc9185d6d21f043128c81"},
    {file = "lxml-5.2.1-cp310-cp310-manylinux_2_17_s390x.manylinux2014_s390x.whl", hash = "sha256:b070bbe8d3f0f6147689bed981d19bbb33070225373338df755a46893528104a"},
    {file = "lxml-5.2.1-cp310-cp310-manylinux_2_17_x86_64.manylinux2014_x86_64.whl", hash = "sha256:e02c5175f63effbd7c5e590399c118d5db6183bbfe8e0d118bdb5c2d1b48d937"},
    {file = "lxml-5.2.1-cp310-cp310-manylinux_2_28_aarch64.whl", hash = "sha256:3dc773b2861b37b41a6136e0b72a1a44689a9c4c101e0cddb6b854016acc0aa8"},
    {file = "lxml-5.2.1-cp310-cp310-manylinux_2_28_ppc64le.whl", hash = "sha256:d7520db34088c96cc0e0a3ad51a4fd5b401f279ee112aa2b7f8f976d8582606d"},
    {file = "lxml-5.2.1-cp310-cp310-manylinux_2_28_s390x.whl", hash = "sha256:bcbf4af004f98793a95355980764b3d80d47117678118a44a80b721c9913436a"},
    {file = "lxml-5.2.1-cp310-cp310-manylinux_2_28_x86_64.whl", hash = "sha256:a2b44bec7adf3e9305ce6cbfa47a4395667e744097faed97abb4728748ba7d47"},
    {file = "lxml-5.2.1-cp310-cp310-musllinux_1_1_aarch64.whl", hash = "sha256:1c5bb205e9212d0ebddf946bc07e73fa245c864a5f90f341d11ce7b0b854475d"},
    {file = "lxml-5.2.1-cp310-cp310-musllinux_1_1_ppc64le.whl", hash = "sha256:2c9d147f754b1b0e723e6afb7ba1566ecb162fe4ea657f53d2139bbf894d050a"},
    {file = "lxml-5.2.1-cp310-cp310-musllinux_1_1_s390x.whl", hash = "sha256:3545039fa4779be2df51d6395e91a810f57122290864918b172d5dc7ca5bb433"},
    {file = "lxml-5.2.1-cp310-cp310-musllinux_1_1_x86_64.whl", hash = "sha256:a91481dbcddf1736c98a80b122afa0f7296eeb80b72344d7f45dc9f781551f56"},
    {file = "lxml-5.2.1-cp310-cp310-musllinux_1_2_aarch64.whl", hash = "sha256:2ddfe41ddc81f29a4c44c8ce239eda5ade4e7fc305fb7311759dd6229a080052"},
    {file = "lxml-5.2.1-cp310-cp310-musllinux_1_2_ppc64le.whl", hash = "sha256:a7baf9ffc238e4bf401299f50e971a45bfcc10a785522541a6e3179c83eabf0a"},
    {file = "lxml-5.2.1-cp310-cp310-musllinux_1_2_s390x.whl", hash = "sha256:31e9a882013c2f6bd2f2c974241bf4ba68c85eba943648ce88936d23209a2e01"},
    {file = "lxml-5.2.1-cp310-cp310-musllinux_1_2_x86_64.whl", hash = "sha256:0a15438253b34e6362b2dc41475e7f80de76320f335e70c5528b7148cac253a1"},
    {file = "lxml-5.2.1-cp310-cp310-win32.whl", hash = "sha256:6992030d43b916407c9aa52e9673612ff39a575523c5f4cf72cdef75365709a5"},
    {file = "lxml-5.2.1-cp310-cp310-win_amd64.whl", hash = "sha256:da052e7962ea2d5e5ef5bc0355d55007407087392cf465b7ad84ce5f3e25fe0f"},
    {file = "lxml-5.2.1-cp311-cp311-macosx_10_9_universal2.whl", hash = "sha256:70ac664a48aa64e5e635ae5566f5227f2ab7f66a3990d67566d9907edcbbf867"},
    {file = "lxml-5.2.1-cp311-cp311-macosx_10_9_x86_64.whl", hash = "sha256:1ae67b4e737cddc96c99461d2f75d218bdf7a0c3d3ad5604d1f5e7464a2f9ffe"},
    {file = "lxml-5.2.1-cp311-cp311-manylinux_2_12_i686.manylinux2010_i686.manylinux_2_17_i686.manylinux2014_i686.whl", hash = "sha256:f18a5a84e16886898e51ab4b1d43acb3083c39b14c8caeb3589aabff0ee0b270"},
    {file = "lxml-5.2.1-cp311-cp311-manylinux_2_17_aarch64.manylinux2014_aarch64.whl", hash = "sha256:c6f2c8372b98208ce609c9e1d707f6918cc118fea4e2c754c9f0812c04ca116d"},
    {file = "lxml-5.2.1-cp311-cp311-manylinux_2_17_ppc64le.manylinux2014_ppc64le.whl", hash = "sha256:394ed3924d7a01b5bd9a0d9d946136e1c2f7b3dc337196d99e61740ed4bc6fe1"},
    {file = "lxml-5.2.1-cp311-cp311-manylinux_2_17_s390x.manylinux2014_s390x.whl", hash = "sha256:5d077bc40a1fe984e1a9931e801e42959a1e6598edc8a3223b061d30fbd26bbc"},
    {file = "lxml-5.2.1-cp311-cp311-manylinux_2_17_x86_64.manylinux2014_x86_64.whl", hash = "sha256:764b521b75701f60683500d8621841bec41a65eb739b8466000c6fdbc256c240"},
    {file = "lxml-5.2.1-cp311-cp311-manylinux_2_28_aarch64.whl", hash = "sha256:3a6b45da02336895da82b9d472cd274b22dc27a5cea1d4b793874eead23dd14f"},
    {file = "lxml-5.2.1-cp311-cp311-manylinux_2_28_ppc64le.whl", hash = "sha256:5ea7b6766ac2dfe4bcac8b8595107665a18ef01f8c8343f00710b85096d1b53a"},
    {file = "lxml-5.2.1-cp311-cp311-manylinux_2_28_s390x.whl", hash = "sha256:e196a4ff48310ba62e53a8e0f97ca2bca83cdd2fe2934d8b5cb0df0a841b193a"},
    {file = "lxml-5.2.1-cp311-cp311-manylinux_2_28_x86_64.whl", hash = "sha256:200e63525948e325d6a13a76ba2911f927ad399ef64f57898cf7c74e69b71095"},
    {file = "lxml-5.2.1-cp311-cp311-musllinux_1_1_aarch64.whl", hash = "sha256:dae0ed02f6b075426accbf6b2863c3d0a7eacc1b41fb40f2251d931e50188dad"},
    {file = "lxml-5.2.1-cp311-cp311-musllinux_1_1_ppc64le.whl", hash = "sha256:ab31a88a651039a07a3ae327d68ebdd8bc589b16938c09ef3f32a4b809dc96ef"},
    {file = "lxml-5.2.1-cp311-cp311-musllinux_1_1_s390x.whl", hash = "sha256:df2e6f546c4df14bc81f9498bbc007fbb87669f1bb707c6138878c46b06f6510"},
    {file = "lxml-5.2.1-cp311-cp311-musllinux_1_1_x86_64.whl", hash = "sha256:5dd1537e7cc06efd81371f5d1a992bd5ab156b2b4f88834ca852de4a8ea523fa"},
    {file = "lxml-5.2.1-cp311-cp311-musllinux_1_2_aarch64.whl", hash = "sha256:9b9ec9c9978b708d488bec36b9e4c94d88fd12ccac3e62134a9d17ddba910ea9"},
    {file = "lxml-5.2.1-cp311-cp311-musllinux_1_2_ppc64le.whl", hash = "sha256:8e77c69d5892cb5ba71703c4057091e31ccf534bd7f129307a4d084d90d014b8"},
    {file = "lxml-5.2.1-cp311-cp311-musllinux_1_2_s390x.whl", hash = "sha256:a8d5c70e04aac1eda5c829a26d1f75c6e5286c74743133d9f742cda8e53b9c2f"},
    {file = "lxml-5.2.1-cp311-cp311-musllinux_1_2_x86_64.whl", hash = "sha256:c94e75445b00319c1fad60f3c98b09cd63fe1134a8a953dcd48989ef42318534"},
    {file = "lxml-5.2.1-cp311-cp311-win32.whl", hash = "sha256:4951e4f7a5680a2db62f7f4ab2f84617674d36d2d76a729b9a8be4b59b3659be"},
    {file = "lxml-5.2.1-cp311-cp311-win_amd64.whl", hash = "sha256:5c670c0406bdc845b474b680b9a5456c561c65cf366f8db5a60154088c92d102"},
    {file = "lxml-5.2.1-cp312-cp312-macosx_10_9_universal2.whl", hash = "sha256:abc25c3cab9ec7fcd299b9bcb3b8d4a1231877e425c650fa1c7576c5107ab851"},
    {file = "lxml-5.2.1-cp312-cp312-macosx_10_9_x86_64.whl", hash = "sha256:6935bbf153f9a965f1e07c2649c0849d29832487c52bb4a5c5066031d8b44fd5"},
    {file = "lxml-5.2.1-cp312-cp312-manylinux_2_12_i686.manylinux2010_i686.manylinux_2_17_i686.manylinux2014_i686.whl", hash = "sha256:d793bebb202a6000390a5390078e945bbb49855c29c7e4d56a85901326c3b5d9"},
    {file = "lxml-5.2.1-cp312-cp312-manylinux_2_17_aarch64.manylinux2014_aarch64.whl", hash = "sha256:afd5562927cdef7c4f5550374acbc117fd4ecc05b5007bdfa57cc5355864e0a4"},
    {file = "lxml-5.2.1-cp312-cp312-manylinux_2_17_ppc64le.manylinux2014_ppc64le.whl", hash = "sha256:0e7259016bc4345a31af861fdce942b77c99049d6c2107ca07dc2bba2435c1d9"},
    {file = "lxml-5.2.1-cp312-cp312-manylinux_2_17_s390x.manylinux2014_s390x.whl", hash = "sha256:530e7c04f72002d2f334d5257c8a51bf409db0316feee7c87e4385043be136af"},
    {file = "lxml-5.2.1-cp312-cp312-manylinux_2_17_x86_64.manylinux2014_x86_64.whl", hash = "sha256:59689a75ba8d7ffca577aefd017d08d659d86ad4585ccc73e43edbfc7476781a"},
    {file = "lxml-5.2.1-cp312-cp312-manylinux_2_28_aarch64.whl", hash = "sha256:f9737bf36262046213a28e789cc82d82c6ef19c85a0cf05e75c670a33342ac2c"},
    {file = "lxml-5.2.1-cp312-cp312-manylinux_2_28_ppc64le.whl", hash = "sha256:3a74c4f27167cb95c1d4af1c0b59e88b7f3e0182138db2501c353555f7ec57f4"},
    {file = "lxml-5.2.1-cp312-cp312-manylinux_2_28_s390x.whl", hash = "sha256:68a2610dbe138fa8c5826b3f6d98a7cfc29707b850ddcc3e21910a6fe51f6ca0"},
    {file = "lxml-5.2.1-cp312-cp312-manylinux_2_28_x86_64.whl", hash = "sha256:f0a1bc63a465b6d72569a9bba9f2ef0334c4e03958e043da1920299100bc7c08"},
    {file = "lxml-5.2.1-cp312-cp312-musllinux_1_1_aarch64.whl", hash = "sha256:c2d35a1d047efd68027817b32ab1586c1169e60ca02c65d428ae815b593e65d4"},
    {file = "lxml-5.2.1-cp312-cp312-musllinux_1_1_ppc64le.whl", hash = "sha256:79bd05260359170f78b181b59ce871673ed01ba048deef4bf49a36ab3e72e80b"},
    {file = "lxml-5.2.1-cp312-cp312-musllinux_1_1_s390x.whl", hash = "sha256:865bad62df277c04beed9478fe665b9ef63eb28fe026d5dedcb89b537d2e2ea6"},
    {file = "lxml-5.2.1-cp312-cp312-musllinux_1_1_x86_64.whl", hash = "sha256:44f6c7caff88d988db017b9b0e4ab04934f11e3e72d478031efc7edcac6c622f"},
    {file = "lxml-5.2.1-cp312-cp312-musllinux_1_2_aarch64.whl", hash = "sha256:71e97313406ccf55d32cc98a533ee05c61e15d11b99215b237346171c179c0b0"},
    {file = "lxml-5.2.1-cp312-cp312-musllinux_1_2_ppc64le.whl", hash = "sha256:057cdc6b86ab732cf361f8b4d8af87cf195a1f6dc5b0ff3de2dced242c2015e0"},
    {file = "lxml-5.2.1-cp312-cp312-musllinux_1_2_s390x.whl", hash = "sha256:f3bbbc998d42f8e561f347e798b85513ba4da324c2b3f9b7969e9c45b10f6169"},
    {file = "lxml-5.2.1-cp312-cp312-musllinux_1_2_x86_64.whl", hash = "sha256:491755202eb21a5e350dae00c6d9a17247769c64dcf62d8c788b5c135e179dc4"},
    {file = "lxml-5.2.1-cp312-cp312-win32.whl", hash = "sha256:8de8f9d6caa7f25b204fc861718815d41cbcf27ee8f028c89c882a0cf4ae4134"},
    {file = "lxml-5.2.1-cp312-cp312-win_amd64.whl", hash = "sha256:f2a9efc53d5b714b8df2b4b3e992accf8ce5bbdfe544d74d5c6766c9e1146a3a"},
    {file = "lxml-5.2.1-pp310-pypy310_pp73-macosx_10_9_x86_64.whl", hash = "sha256:9b0ff53900566bc6325ecde9181d89afadc59c5ffa39bddf084aaedfe3b06a11"},
    {file = "lxml-5.2.1-pp310-pypy310_pp73-manylinux_2_17_aarch64.manylinux2014_aarch64.whl", hash = "sha256:fd6037392f2d57793ab98d9e26798f44b8b4da2f2464388588f48ac52c489ea1"},
    {file = "lxml-5.2.1-pp310-pypy310_pp73-manylinux_2_17_x86_64.manylinux2014_x86_64.whl", hash = "sha256:8b9c07e7a45bb64e21df4b6aa623cb8ba214dfb47d2027d90eac197329bb5e94"},
    {file = "lxml-5.2.1-pp310-pypy310_pp73-manylinux_2_28_aarch64.whl", hash = "sha256:3249cc2989d9090eeac5467e50e9ec2d40704fea9ab72f36b034ea34ee65ca98"},
    {file = "lxml-5.2.1-pp310-pypy310_pp73-manylinux_2_28_x86_64.whl", hash = "sha256:f42038016852ae51b4088b2862126535cc4fc85802bfe30dea3500fdfaf1864e"},
    {file = "lxml-5.2.1-pp310-pypy310_pp73-win_amd64.whl", hash = "sha256:533658f8fbf056b70e434dff7e7aa611bcacb33e01f75de7f821810e48d1bb66"},
    {file = "lxml-5.2.1-pp37-pypy37_pp73-macosx_10_9_x86_64.whl", hash = "sha256:622020d4521e22fb371e15f580d153134bfb68d6a429d1342a25f051ec72df1c"},
    {file = "lxml-5.2.1-pp37-pypy37_pp73-manylinux_2_17_aarch64.manylinux2014_aarch64.whl", hash = "sha256:efa7b51824aa0ee957ccd5a741c73e6851de55f40d807f08069eb4c5a26b2baa"},
    {file = "lxml-5.2.1-pp37-pypy37_pp73-manylinux_2_17_x86_64.manylinux2014_x86_64.whl", hash = "sha256:9c6ad0fbf105f6bcc9300c00010a2ffa44ea6f555df1a2ad95c88f5656104817"},
    {file = "lxml-5.2.1-pp37-pypy37_pp73-manylinux_2_28_aarch64.whl", hash = "sha256:e233db59c8f76630c512ab4a4daf5a5986da5c3d5b44b8e9fc742f2a24dbd460"},
    {file = "lxml-5.2.1-pp37-pypy37_pp73-manylinux_2_28_x86_64.whl", hash = "sha256:6a014510830df1475176466b6087fc0c08b47a36714823e58d8b8d7709132a96"},
    {file = "lxml-5.2.1-pp37-pypy37_pp73-win_amd64.whl", hash = "sha256:d38c8f50ecf57f0463399569aa388b232cf1a2ffb8f0a9a5412d0db57e054860"},
    {file = "lxml-5.2.1-pp38-pypy38_pp73-macosx_10_9_x86_64.whl", hash = "sha256:5aea8212fb823e006b995c4dda533edcf98a893d941f173f6c9506126188860d"},
    {file = "lxml-5.2.1-pp38-pypy38_pp73-manylinux_2_17_aarch64.manylinux2014_aarch64.whl", hash = "sha256:ff097ae562e637409b429a7ac958a20aab237a0378c42dabaa1e3abf2f896e5f"},
    {file = "lxml-5.2.1-pp38-pypy38_pp73-manylinux_2_17_x86_64.manylinux2014_x86_64.whl", hash = "sha256:0f5d65c39f16717a47c36c756af0fb36144069c4718824b7533f803ecdf91138"},
    {file = "lxml-5.2.1-pp38-pypy38_pp73-manylinux_2_28_aarch64.whl", hash = "sha256:3d0c3dd24bb4605439bf91068598d00c6370684f8de4a67c2992683f6c309d6b"},
    {file = "lxml-5.2.1-pp38-pypy38_pp73-manylinux_2_28_x86_64.whl", hash = "sha256:e32be23d538753a8adb6c85bd539f5fd3b15cb987404327c569dfc5fd8366e85"},
    {file = "lxml-5.2.1-pp38-pypy38_pp73-win_amd64.whl", hash = "sha256:cc518cea79fd1e2f6c90baafa28906d4309d24f3a63e801d855e7424c5b34144"},
    {file = "lxml-5.2.1-pp39-pypy39_pp73-macosx_10_9_x86_64.whl", hash = "sha256:a0af35bd8ebf84888373630f73f24e86bf016642fb8576fba49d3d6b560b7cbc"},
    {file = "lxml-5.2.1-pp39-pypy39_pp73-manylinux_2_17_aarch64.manylinux2014_aarch64.whl", hash = "sha256:f8aca2e3a72f37bfc7b14ba96d4056244001ddcc18382bd0daa087fd2e68a354"},
    {file = "lxml-5.2.1-pp39-pypy39_pp73-manylinux_2_17_x86_64.manylinux2014_x86_64.whl", hash = "sha256:5ca1e8188b26a819387b29c3895c47a5e618708fe6f787f3b1a471de2c4a94d9"},
    {file = "lxml-5.2.1-pp39-pypy39_pp73-manylinux_2_28_aarch64.whl", hash = "sha256:c8ba129e6d3b0136a0f50345b2cb3db53f6bda5dd8c7f5d83fbccba97fb5dcb5"},
    {file = "lxml-5.2.1-pp39-pypy39_pp73-manylinux_2_28_x86_64.whl", hash = "sha256:e998e304036198b4f6914e6a1e2b6f925208a20e2042563d9734881150c6c246"},
    {file = "lxml-5.2.1-pp39-pypy39_pp73-win_amd64.whl", hash = "sha256:d3be9b2076112e51b323bdf6d5a7f8a798de55fb8d95fcb64bd179460cdc0704"},
    {file = "lxml-5.2.1.tar.gz", hash = "sha256:3f7765e69bbce0906a7c74d5fe46d2c7a7596147318dbc08e4a2431f3060e306"},
]

[[package]]
name = "lxml-html-clean"
version = "0.1.1"
summary = "HTML cleaner from lxml project"
groups = ["default"]
dependencies = [
    "lxml",
]
files = [
    {file = "lxml_html_clean-0.1.1-py3-none-any.whl", hash = "sha256:58c04176593c9caf72ec92e033d2f38859e918b3eff0cc0f8051ad27dc2ab8ef"},
    {file = "lxml_html_clean-0.1.1.tar.gz", hash = "sha256:8a644ed01dbbe132fabddb9467f077f6dad12a1d4f3a6a553e280f3815fa46df"},
]

[[package]]
name = "meta-ai-api"
version = "1.1.0"
requires_python = ">=3.6"
summary = "Meta AI API Wrapper to interact with the Meta AI API"
groups = ["default"]
dependencies = [
    "lxml-html-clean",
    "requests",
    "requests-html",
]
files = [
    {file = "meta_ai_api-1.1.0-py3-none-any.whl", hash = "sha256:d5accb7ac676f523df779139e164ada084c9d45d806f439d073713d8f9f9847a"},
    {file = "meta_ai_api-1.1.0.tar.gz", hash = "sha256:52924ee7308f8e93fd6ca76f25cefcd3b55479d17ad3f3c0a2c255ab543c08e2"},
]

[[package]]
name = "multidict"
version = "6.0.5"
requires_python = ">=3.7"
summary = "multidict implementation"
groups = ["default"]
files = [
    {file = "multidict-6.0.5-cp310-cp310-macosx_10_9_universal2.whl", hash = "sha256:228b644ae063c10e7f324ab1ab6b548bdf6f8b47f3ec234fef1093bc2735e5f9"},
    {file = "multidict-6.0.5-cp310-cp310-macosx_10_9_x86_64.whl", hash = "sha256:896ebdcf62683551312c30e20614305f53125750803b614e9e6ce74a96232604"},
    {file = "multidict-6.0.5-cp310-cp310-macosx_11_0_arm64.whl", hash = "sha256:411bf8515f3be9813d06004cac41ccf7d1cd46dfe233705933dd163b60e37600"},
    {file = "multidict-6.0.5-cp310-cp310-manylinux_2_17_aarch64.manylinux2014_aarch64.whl", hash = "sha256:1d147090048129ce3c453f0292e7697d333db95e52616b3793922945804a433c"},
    {file = "multidict-6.0.5-cp310-cp310-manylinux_2_17_ppc64le.manylinux2014_ppc64le.whl", hash = "sha256:215ed703caf15f578dca76ee6f6b21b7603791ae090fbf1ef9d865571039ade5"},
    {file = "multidict-6.0.5-cp310-cp310-manylinux_2_17_s390x.manylinux2014_s390x.whl", hash = "sha256:7c6390cf87ff6234643428991b7359b5f59cc15155695deb4eda5c777d2b880f"},
    {file = "multidict-6.0.5-cp310-cp310-manylinux_2_17_x86_64.manylinux2014_x86_64.whl", hash = "sha256:21fd81c4ebdb4f214161be351eb5bcf385426bf023041da2fd9e60681f3cebae"},
    {file = "multidict-6.0.5-cp310-cp310-manylinux_2_5_i686.manylinux1_i686.manylinux_2_17_i686.manylinux2014_i686.whl", hash = "sha256:3cc2ad10255f903656017363cd59436f2111443a76f996584d1077e43ee51182"},
    {file = "multidict-6.0.5-cp310-cp310-musllinux_1_1_aarch64.whl", hash = "sha256:6939c95381e003f54cd4c5516740faba40cf5ad3eeff460c3ad1d3e0ea2549bf"},
    {file = "multidict-6.0.5-cp310-cp310-musllinux_1_1_i686.whl", hash = "sha256:220dd781e3f7af2c2c1053da9fa96d9cf3072ca58f057f4c5adaaa1cab8fc442"},
    {file = "multidict-6.0.5-cp310-cp310-musllinux_1_1_ppc64le.whl", hash = "sha256:766c8f7511df26d9f11cd3a8be623e59cca73d44643abab3f8c8c07620524e4a"},
    {file = "multidict-6.0.5-cp310-cp310-musllinux_1_1_s390x.whl", hash = "sha256:fe5d7785250541f7f5019ab9cba2c71169dc7d74d0f45253f8313f436458a4ef"},
    {file = "multidict-6.0.5-cp310-cp310-musllinux_1_1_x86_64.whl", hash = "sha256:c1c1496e73051918fcd4f58ff2e0f2f3066d1c76a0c6aeffd9b45d53243702cc"},
    {file = "multidict-6.0.5-cp310-cp310-win32.whl", hash = "sha256:7afcdd1fc07befad18ec4523a782cde4e93e0a2bf71239894b8d61ee578c1319"},
    {file = "multidict-6.0.5-cp310-cp310-win_amd64.whl", hash = "sha256:99f60d34c048c5c2fabc766108c103612344c46e35d4ed9ae0673d33c8fb26e8"},
    {file = "multidict-6.0.5-py3-none-any.whl", hash = "sha256:0d63c74e3d7ab26de115c49bffc92cc77ed23395303d496eae515d4204a625e7"},
    {file = "multidict-6.0.5.tar.gz", hash = "sha256:f7e301075edaf50500f0b341543c41194d8df3ae5caf4702f2095f3ca73dd8da"},
]

[[package]]
name = "parse"
version = "1.20.1"
summary = "parse() is the opposite of format()"
groups = ["default"]
files = [
    {file = "parse-1.20.1-py2.py3-none-any.whl", hash = "sha256:76ddd5214255ae711db4c512be636151fbabaa948c6f30115aecc440422ca82c"},
    {file = "parse-1.20.1.tar.gz", hash = "sha256:09002ca350ad42e76629995f71f7b518670bcf93548bdde3684fd55d2be51975"},
]

[[package]]
name = "py-cord"
version = "2.5.0"
requires_python = ">=3.8"
summary = "A Python wrapper for the Discord API"
groups = ["default"]
dependencies = [
    "aiohttp<4.0,>=3.6.0",
    "typing-extensions<5,>=4; python_version < \"3.11\"",
]
files = [
    {file = "py-cord-2.5.0.tar.gz", hash = "sha256:faf08af5da5eac2ed3d1c8a43d8307d5a1e3f01602def283330c9d2cde0b1162"},
    {file = "py_cord-2.5.0-py3-none-any.whl", hash = "sha256:9e5fc79feec5a48f53aa4c066b57dd75fe67d29021b042d12f378a513d308bbc"},
]

[[package]]
name = "pyee"
version = "11.1.0"
requires_python = ">=3.8"
summary = "A rough port of Node.js's EventEmitter to Python with a few tricks of its own"
groups = ["default"]
dependencies = [
    "typing-extensions",
]
files = [
    {file = "pyee-11.1.0-py3-none-any.whl", hash = "sha256:5d346a7d0f861a4b2e6c47960295bd895f816725b27d656181947346be98d7c1"},
    {file = "pyee-11.1.0.tar.gz", hash = "sha256:b53af98f6990c810edd9b56b87791021a8f54fd13db4edd1142438d44ba2263f"},
]

[[package]]
name = "pyppeteer"
version = "2.0.0"
requires_python = ">=3.8,<4.0"
summary = "Headless chrome/chromium automation library (unofficial port of puppeteer)"
groups = ["default"]
dependencies = [
    "appdirs<2.0.0,>=1.4.3",
    "certifi>=2023",
    "importlib-metadata>=1.4",
    "pyee<12.0.0,>=11.0.0",
    "tqdm<5.0.0,>=4.42.1",
    "urllib3<2.0.0,>=1.25.8",
    "websockets<11.0,>=10.0",
]
files = [
    {file = "pyppeteer-2.0.0-py3-none-any.whl", hash = "sha256:96f4c574fb36f1d15e02746303ab742b98941f0da58337187e7c1d2ef982adea"},
    {file = "pyppeteer-2.0.0.tar.gz", hash = "sha256:4af63473ff36a746a53347b2336a49efda669bcd781e400bc1799b81838358d9"},
]

[[package]]
name = "pyquery"
version = "2.0.0"
summary = "A jquery-like library for python"
groups = ["default"]
dependencies = [
    "cssselect>=1.2.0",
    "lxml>=2.1",
]
files = [
    {file = "pyquery-2.0.0-py3-none-any.whl", hash = "sha256:8dfc9b4b7c5f877d619bbae74b1898d5743f6ca248cfd5d72b504dd614da312f"},
    {file = "pyquery-2.0.0.tar.gz", hash = "sha256:963e8d4e90262ff6d8dec072ea97285dc374a2f69cad7776f4082abcf6a1d8ae"},
]

[[package]]
name = "python-dotenv"
version = "1.0.1"
requires_python = ">=3.8"
summary = "Read key-value pairs from a .env file and set them as environment variables"
groups = ["default"]
files = [
    {file = "python-dotenv-1.0.1.tar.gz", hash = "sha256:e324ee90a023d808f1959c46bcbc04446a10ced277783dc6ee09987c37ec10ca"},
    {file = "python_dotenv-1.0.1-py3-none-any.whl", hash = "sha256:f7b63ef50f1b690dddf550d03497b66d609393b40b564ed0d674909a68ebf16a"},
]

[[package]]
name = "requests"
version = "2.31.0"
requires_python = ">=3.7"
summary = "Python HTTP for Humans."
groups = ["default"]
dependencies = [
    "certifi>=2017.4.17",
    "charset-normalizer<4,>=2",
    "idna<4,>=2.5",
    "urllib3<3,>=1.21.1",
]
files = [
    {file = "requests-2.31.0-py3-none-any.whl", hash = "sha256:58cd2187c01e70e6e26505bca751777aa9f2ee0b7f4300988b709f44e013003f"},
    {file = "requests-2.31.0.tar.gz", hash = "sha256:942c5a758f98d790eaed1a29cb6eefc7ffb0d1cf7af05c3d2791656dbd6ad1e1"},
]

[[package]]
name = "requests-html"
version = "0.10.0"
requires_python = ">=3.6.0"
summary = "HTML Parsing for Humans."
groups = ["default"]
dependencies = [
    "bs4",
    "fake-useragent",
    "parse",
    "pyppeteer>=0.0.14",
    "pyquery",
    "requests",
    "w3lib",
]
files = [
    {file = "requests-html-0.10.0.tar.gz", hash = "sha256:7e929ecfed95fb1d0994bb368295d6d7c4d06b03fcb900c33d7d0b17e6003947"},
    {file = "requests_html-0.10.0-py3-none-any.whl", hash = "sha256:cb8a78cf829c4eca9d6233f28524f65dd2bfaafb4bdbbc407f0a0b8f487df6e2"},
]

[[package]]
name = "soupsieve"
version = "2.5"
requires_python = ">=3.8"
summary = "A modern CSS selector implementation for Beautiful Soup."
groups = ["default"]
files = [
    {file = "soupsieve-2.5-py3-none-any.whl", hash = "sha256:eaa337ff55a1579b6549dc679565eac1e3d000563bcb1c8ab0d0fefbc0c2cdc7"},
    {file = "soupsieve-2.5.tar.gz", hash = "sha256:5663d5a7b3bfaeee0bc4372e7fc48f9cff4940b3eec54a6451cc5299f1097690"},
]

[[package]]
name = "tqdm"
version = "4.66.2"
requires_python = ">=3.7"
summary = "Fast, Extensible Progress Meter"
groups = ["default"]
dependencies = [
    "colorama; platform_system == \"Windows\"",
]
files = [
    {file = "tqdm-4.66.2-py3-none-any.whl", hash = "sha256:1ee4f8a893eb9bef51c6e35730cebf234d5d0b6bd112b0271e10ed7c24a02bd9"},
    {file = "tqdm-4.66.2.tar.gz", hash = "sha256:6cd52cdf0fef0e0f543299cfc96fec90d7b8a7e88745f411ec33eb44d5ed3531"},
]

[[package]]
name = "typing-extensions"
version = "4.11.0"
requires_python = ">=3.8"
summary = "Backported and Experimental Type Hints for Python 3.8+"
groups = ["default"]
files = [
    {file = "typing_extensions-4.11.0-py3-none-any.whl", hash = "sha256:c1f94d72897edaf4ce775bb7558d5b79d8126906a14ea5ed1635921406c0387a"},
    {file = "typing_extensions-4.11.0.tar.gz", hash = "sha256:83f085bd5ca59c80295fc2a82ab5dac679cbe02b9f33f7d83af68e241bea51b0"},
]

[[package]]
name = "urllib3"
version = "1.26.18"
requires_python = ">=2.7, !=3.0.*, !=3.1.*, !=3.2.*, !=3.3.*, !=3.4.*, !=3.5.*"
summary = "HTTP library with thread-safe connection pooling, file post, and more."
groups = ["default"]
files = [
    {file = "urllib3-1.26.18-py2.py3-none-any.whl", hash = "sha256:34b97092d7e0a3a8cf7cd10e386f401b3737364026c45e622aa02903dffe0f07"},
    {file = "urllib3-1.26.18.tar.gz", hash = "sha256:f8ecc1bba5667413457c529ab955bf8c67b45db799d159066261719e328580a0"},
]

[[package]]
name = "w3lib"
version = "2.1.2"
requires_python = ">=3.7"
summary = "Library of web-related functions"
groups = ["default"]
files = [
    {file = "w3lib-2.1.2-py3-none-any.whl", hash = "sha256:c4432926e739caa8e3f49f5de783f336df563d9490416aebd5d39fb896d264e7"},
    {file = "w3lib-2.1.2.tar.gz", hash = "sha256:ed5b74e997eea2abe3c1321f916e344144ee8e9072a6f33463ee8e57f858a4b1"},
]

[[package]]
name = "websockets"
version = "10.4"
requires_python = ">=3.7"
summary = "An implementation of the WebSocket Protocol (RFC 6455 & 7692)"
groups = ["default"]
files = [
    {file = "websockets-10.4-cp310-cp310-macosx_10_9_universal2.whl", hash = "sha256:d58804e996d7d2307173d56c297cf7bc132c52df27a3efaac5e8d43e36c21c48"},
    {file = "websockets-10.4-cp310-cp310-macosx_10_9_x86_64.whl", hash = "sha256:bc0b82d728fe21a0d03e65f81980abbbcb13b5387f733a1a870672c5be26edab"},
    {file = "websockets-10.4-cp310-cp310-macosx_11_0_arm64.whl", hash = "sha256:ba089c499e1f4155d2a3c2a05d2878a3428cf321c848f2b5a45ce55f0d7d310c"},
    {file = "websockets-10.4-cp310-cp310-manylinux_2_17_aarch64.manylinux2014_aarch64.whl", hash = "sha256:33d69ca7612f0ddff3316b0c7b33ca180d464ecac2d115805c044bf0a3b0d032"},
    {file = "websockets-10.4-cp310-cp310-manylinux_2_5_i686.manylinux1_i686.manylinux_2_17_i686.manylinux2014_i686.whl", hash = "sha256:62e627f6b6d4aed919a2052efc408da7a545c606268d5ab5bfab4432734b82b4"},
    {file = "websockets-10.4-cp310-cp310-manylinux_2_5_x86_64.manylinux1_x86_64.manylinux_2_17_x86_64.manylinux2014_x86_64.whl", hash = "sha256:38ea7b82bfcae927eeffc55d2ffa31665dc7fec7b8dc654506b8e5a518eb4d50"},
    {file = "websockets-10.4-cp310-cp310-musllinux_1_1_aarch64.whl", hash = "sha256:e0cb5cc6ece6ffa75baccfd5c02cffe776f3f5c8bf486811f9d3ea3453676ce8"},
    {file = "websockets-10.4-cp310-cp310-musllinux_1_1_i686.whl", hash = "sha256:ae5e95cfb53ab1da62185e23b3130e11d64431179debac6dc3c6acf08760e9b1"},
    {file = "websockets-10.4-cp310-cp310-musllinux_1_1_x86_64.whl", hash = "sha256:7c584f366f46ba667cfa66020344886cf47088e79c9b9d39c84ce9ea98aaa331"},
    {file = "websockets-10.4-cp310-cp310-win32.whl", hash = "sha256:b029fb2032ae4724d8ae8d4f6b363f2cc39e4c7b12454df8df7f0f563ed3e61a"},
    {file = "websockets-10.4-cp310-cp310-win_amd64.whl", hash = "sha256:8dc96f64ae43dde92530775e9cb169979f414dcf5cff670455d81a6823b42089"},
    {file = "websockets-10.4-cp311-cp311-macosx_10_9_universal2.whl", hash = "sha256:47a2964021f2110116cc1125b3e6d87ab5ad16dea161949e7244ec583b905bb4"},
    {file = "websockets-10.4-cp311-cp311-macosx_10_9_x86_64.whl", hash = "sha256:e789376b52c295c4946403bd0efecf27ab98f05319df4583d3c48e43c7342c2f"},
    {file = "websockets-10.4-cp311-cp311-macosx_11_0_arm64.whl", hash = "sha256:7d3f0b61c45c3fa9a349cf484962c559a8a1d80dae6977276df8fd1fa5e3cb8c"},
    {file = "websockets-10.4-cp311-cp311-manylinux_2_17_aarch64.manylinux2014_aarch64.whl", hash = "sha256:f55b5905705725af31ccef50e55391621532cd64fbf0bc6f4bac935f0fccec46"},
    {file = "websockets-10.4-cp311-cp311-manylinux_2_5_i686.manylinux1_i686.manylinux_2_17_i686.manylinux2014_i686.whl", hash = "sha256:00c870522cdb69cd625b93f002961ffb0c095394f06ba8c48f17eef7c1541f96"},
    {file = "websockets-10.4-cp311-cp311-manylinux_2_5_x86_64.manylinux1_x86_64.manylinux_2_17_x86_64.manylinux2014_x86_64.whl", hash = "sha256:8f38706e0b15d3c20ef6259fd4bc1700cd133b06c3c1bb108ffe3f8947be15fa"},
    {file = "websockets-10.4-cp311-cp311-musllinux_1_1_aarch64.whl", hash = "sha256:f2c38d588887a609191d30e902df2a32711f708abfd85d318ca9b367258cfd0c"},
    {file = "websockets-10.4-cp311-cp311-musllinux_1_1_i686.whl", hash = "sha256:fe10ddc59b304cb19a1bdf5bd0a7719cbbc9fbdd57ac80ed436b709fcf889106"},
    {file = "websockets-10.4-cp311-cp311-musllinux_1_1_x86_64.whl", hash = "sha256:90fcf8929836d4a0e964d799a58823547df5a5e9afa83081761630553be731f9"},
    {file = "websockets-10.4-cp311-cp311-win32.whl", hash = "sha256:b9968694c5f467bf67ef97ae7ad4d56d14be2751000c1207d31bf3bb8860bae8"},
    {file = "websockets-10.4-cp311-cp311-win_amd64.whl", hash = "sha256:a7a240d7a74bf8d5cb3bfe6be7f21697a28ec4b1a437607bae08ac7acf5b4882"},
    {file = "websockets-10.4-pp37-pypy37_pp73-macosx_10_9_x86_64.whl", hash = "sha256:82ff5e1cae4e855147fd57a2863376ed7454134c2bf49ec604dfe71e446e2193"},
    {file = "websockets-10.4-pp37-pypy37_pp73-manylinux_2_17_aarch64.manylinux2014_aarch64.whl", hash = "sha256:d210abe51b5da0ffdbf7b43eed0cfdff8a55a1ab17abbec4301c9ff077dd0342"},
    {file = "websockets-10.4-pp37-pypy37_pp73-manylinux_2_5_i686.manylinux1_i686.manylinux_2_17_i686.manylinux2014_i686.whl", hash = "sha256:942de28af58f352a6f588bc72490ae0f4ccd6dfc2bd3de5945b882a078e4e179"},
    {file = "websockets-10.4-pp37-pypy37_pp73-manylinux_2_5_x86_64.manylinux1_x86_64.manylinux_2_17_x86_64.manylinux2014_x86_64.whl", hash = "sha256:c9b27d6c1c6cd53dc93614967e9ce00ae7f864a2d9f99fe5ed86706e1ecbf485"},
    {file = "websockets-10.4-pp37-pypy37_pp73-win_amd64.whl", hash = "sha256:3d3cac3e32b2c8414f4f87c1b2ab686fa6284a980ba283617404377cd448f631"},
    {file = "websockets-10.4-pp38-pypy38_pp73-macosx_10_9_x86_64.whl", hash = "sha256:da39dd03d130162deb63da51f6e66ed73032ae62e74aaccc4236e30edccddbb0"},
    {file = "websockets-10.4-pp38-pypy38_pp73-manylinux_2_17_aarch64.manylinux2014_aarch64.whl", hash = "sha256:389f8dbb5c489e305fb113ca1b6bdcdaa130923f77485db5b189de343a179393"},
    {file = "websockets-10.4-pp38-pypy38_pp73-manylinux_2_5_i686.manylinux1_i686.manylinux_2_17_i686.manylinux2014_i686.whl", hash = "sha256:09a1814bb15eff7069e51fed0826df0bc0702652b5cb8f87697d469d79c23576"},
    {file = "websockets-10.4-pp38-pypy38_pp73-manylinux_2_5_x86_64.manylinux1_x86_64.manylinux_2_17_x86_64.manylinux2014_x86_64.whl", hash = "sha256:ff64a1d38d156d429404aaa84b27305e957fd10c30e5880d1765c9480bea490f"},
    {file = "websockets-10.4-pp38-pypy38_pp73-win_amd64.whl", hash = "sha256:b343f521b047493dc4022dd338fc6db9d9282658862756b4f6fd0e996c1380e1"},
    {file = "websockets-10.4-pp39-pypy39_pp73-macosx_10_9_x86_64.whl", hash = "sha256:932af322458da7e4e35df32f050389e13d3d96b09d274b22a7aa1808f292fee4"},
    {file = "websockets-10.4-pp39-pypy39_pp73-manylinux_2_17_aarch64.manylinux2014_aarch64.whl", hash = "sha256:d6a4162139374a49eb18ef5b2f4da1dd95c994588f5033d64e0bbfda4b6b6fcf"},
    {file = "websockets-10.4-pp39-pypy39_pp73-manylinux_2_5_i686.manylinux1_i686.manylinux_2_17_i686.manylinux2014_i686.whl", hash = "sha256:c57e4c1349fbe0e446c9fa7b19ed2f8a4417233b6984277cce392819123142d3"},
    {file = "websockets-10.4-pp39-pypy39_pp73-manylinux_2_5_x86_64.manylinux1_x86_64.manylinux_2_17_x86_64.manylinux2014_x86_64.whl", hash = "sha256:b627c266f295de9dea86bd1112ed3d5fafb69a348af30a2422e16590a8ecba13"},
    {file = "websockets-10.4-pp39-pypy39_pp73-win_amd64.whl", hash = "sha256:05a7233089f8bd355e8cbe127c2e8ca0b4ea55467861906b80d2ebc7db4d6b72"},
    {file = "websockets-10.4.tar.gz", hash = "sha256:eef610b23933c54d5d921c92578ae5f89813438fded840c2e9809d378dc765d3"},
]

[[package]]
name = "yarl"
version = "1.9.4"
requires_python = ">=3.7"
summary = "Yet another URL library"
groups = ["default"]
dependencies = [
    "idna>=2.0",
    "multidict>=4.0",
]
files = [
    {file = "yarl-1.9.4-cp310-cp310-macosx_10_9_universal2.whl", hash = "sha256:a8c1df72eb746f4136fe9a2e72b0c9dc1da1cbd23b5372f94b5820ff8ae30e0e"},
    {file = "yarl-1.9.4-cp310-cp310-macosx_10_9_x86_64.whl", hash = "sha256:a3a6ed1d525bfb91b3fc9b690c5a21bb52de28c018530ad85093cc488bee2dd2"},
    {file = "yarl-1.9.4-cp310-cp310-macosx_11_0_arm64.whl", hash = "sha256:c38c9ddb6103ceae4e4498f9c08fac9b590c5c71b0370f98714768e22ac6fa66"},
    {file = "yarl-1.9.4-cp310-cp310-manylinux_2_17_aarch64.manylinux2014_aarch64.whl", hash = "sha256:d9e09c9d74f4566e905a0b8fa668c58109f7624db96a2171f21747abc7524234"},
    {file = "yarl-1.9.4-cp310-cp310-manylinux_2_17_ppc64le.manylinux2014_ppc64le.whl", hash = "sha256:b8477c1ee4bd47c57d49621a062121c3023609f7a13b8a46953eb6c9716ca392"},
    {file = "yarl-1.9.4-cp310-cp310-manylinux_2_17_s390x.manylinux2014_s390x.whl", hash = "sha256:d5ff2c858f5f6a42c2a8e751100f237c5e869cbde669a724f2062d4c4ef93551"},
    {file = "yarl-1.9.4-cp310-cp310-manylinux_2_17_x86_64.manylinux2014_x86_64.whl", hash = "sha256:357495293086c5b6d34ca9616a43d329317feab7917518bc97a08f9e55648455"},
    {file = "yarl-1.9.4-cp310-cp310-manylinux_2_5_i686.manylinux1_i686.manylinux_2_17_i686.manylinux2014_i686.whl", hash = "sha256:54525ae423d7b7a8ee81ba189f131054defdb122cde31ff17477951464c1691c"},
    {file = "yarl-1.9.4-cp310-cp310-musllinux_1_1_aarch64.whl", hash = "sha256:801e9264d19643548651b9db361ce3287176671fb0117f96b5ac0ee1c3530d53"},
    {file = "yarl-1.9.4-cp310-cp310-musllinux_1_1_i686.whl", hash = "sha256:e516dc8baf7b380e6c1c26792610230f37147bb754d6426462ab115a02944385"},
    {file = "yarl-1.9.4-cp310-cp310-musllinux_1_1_ppc64le.whl", hash = "sha256:7d5aaac37d19b2904bb9dfe12cdb08c8443e7ba7d2852894ad448d4b8f442863"},
    {file = "yarl-1.9.4-cp310-cp310-musllinux_1_1_s390x.whl", hash = "sha256:54beabb809ffcacbd9d28ac57b0db46e42a6e341a030293fb3185c409e626b8b"},
    {file = "yarl-1.9.4-cp310-cp310-musllinux_1_1_x86_64.whl", hash = "sha256:bac8d525a8dbc2a1507ec731d2867025d11ceadcb4dd421423a5d42c56818541"},
    {file = "yarl-1.9.4-cp310-cp310-win32.whl", hash = "sha256:7855426dfbddac81896b6e533ebefc0af2f132d4a47340cee6d22cac7190022d"},
    {file = "yarl-1.9.4-cp310-cp310-win_amd64.whl", hash = "sha256:848cd2a1df56ddbffeb375535fb62c9d1645dde33ca4d51341378b3f5954429b"},
    {file = "yarl-1.9.4-py3-none-any.whl", hash = "sha256:928cecb0ef9d5a7946eb6ff58417ad2fe9375762382f1bf5c55e61645f2c43ad"},
    {file = "yarl-1.9.4.tar.gz", hash = "sha256:566db86717cf8080b99b58b083b773a908ae40f06681e87e589a976faf8246bf"},
]

[[package]]
name = "zipp"
version = "3.18.1"
requires_python = ">=3.8"
summary = "Backport of pathlib-compatible object wrapper for zip files"
groups = ["default"]
files = [
    {file = "zipp-3.18.1-py3-none-any.whl", hash = "sha256:206f5a15f2af3dbaee80769fb7dc6f249695e940acca08dfb2a4769fe61e538b"},
    {file = "zipp-3.18.1.tar.gz", hash = "sha256:2884ed22e7d8961de1c9a05142eb69a247f120291bc0206a00a7642f09b5b715"},
]
